
Microsoft Visual Studio Solution File, Format Version 12.00
# Visual Studio 15
VisualStudioVersion = 15.0.27130.2036
MinimumVisualStudioVersion = 10.0.40219.1
Project("{9A19103F-16F7-4668-BE54-9A1E7A4F7556}") = "AsIKnow.Graph", "AsIKnow.Graph\AsIKnow.Graph.csproj", "{CCE6AA10-1C47-484A-9DE0-C3FF4260D745}"
EndProject
Project("{FAE04EC0-301F-11D3-BF4B-00C04F79EFBC}") = "UnitTest", "..\test\UnitTest\UnitTest.csproj", "{6869AA8F-79CD-4941-9636-F374DD4E612A}"
EndProject
Global
	GlobalSection(SolutionConfigurationPlatforms) = preSolution
		Debug|Any CPU = Debug|Any CPU
		Release|Any CPU = Release|Any CPU
	EndGlobalSection
	GlobalSection(ProjectConfigurationPlatforms) = postSolution
		{CCE6AA10-1C47-484A-9DE0-C3FF4260D745}.Debug|Any CPU.ActiveCfg = Debug|Any CPU
		{CCE6AA10-1C47-484A-9DE0-C3FF4260D745}.Debug|Any CPU.Build.0 = Debug|Any CPU
		{CCE6AA10-1C47-484A-9DE0-C3FF4260D745}.Release|Any CPU.ActiveCfg = Release|Any CPU
		{CCE6AA10-1C47-484A-9DE0-C3FF4260D745}.Release|Any CPU.Build.0 = Release|Any CPU
		{6869AA8F-79CD-4941-9636-F374DD4E612A}.Debug|Any CPU.ActiveCfg = Debug|Any CPU
		{6869AA8F-79CD-4941-9636-F374DD4E612A}.Debug|Any CPU.Build.0 = Debug|Any CPU
		{6869AA8F-79CD-4941-9636-F374DD4E612A}.Release|Any CPU.ActiveCfg = Release|Any CPU
		{6869AA8F-79CD-4941-9636-F374DD4E612A}.Release|Any CPU.Build.0 = Release|Any CPU
	EndGlobalSection
	GlobalSection(SolutionProperties) = preSolution
		HideSolutionNode = FALSE
	EndGlobalSection
	GlobalSection(ExtensibilityGlobals) = postSolution
		SolutionGuid = {29E5F79A-D99D-49F0-AB27-4EC2045E71A4}
	EndGlobalSection
EndGlobal
